// !$*UTF8*$!
{
	archiveVersion = 1;
	classes = {
	};
	objectVersion = 51;
	objects = {

/* Begin PBXBuildFile section */
		183DD70F269C20BE009BEBEC /* AppDelegate.swift in Sources */ = {isa = PBXBuildFile; fileRef = 183DD70E269C20BE009BEBEC /* AppDelegate.swift */; };
		183DD713269C20BF009BEBEC /* ViewController.swift in Sources */ = {isa = PBXBuildFile; fileRef = 183DD712269C20BF009BEBEC /* ViewController.swift */; };
		183DD716269C20BF009BEBEC /* Main.storyboard in Resources */ = {isa = PBXBuildFile; fileRef = 183DD714269C20BF009BEBEC /* Main.storyboard */; };
		183DD718269C20DD009BEBEC /* Assets.xcassets in Resources */ = {isa = PBXBuildFile; fileRef = 183DD717269C20DD009BEBEC /* Assets.xcassets */; };
		183DD71B269C20DD009BEBEC /* LaunchScreen.storyboard in Resources */ = {isa = PBXBuildFile; fileRef = 183DD719269C20DD009BEBEC /* LaunchScreen.storyboard */; };
		183DD726269C20DD009BEBEC /* FoodSwiftTests.swift in Sources */ = {isa = PBXBuildFile; fileRef = 183DD725269C20DD009BEBEC /* FoodSwiftTests.swift */; };
		183DD731269C20DD009BEBEC /* FoodSwiftUITests.swift in Sources */ = {isa = PBXBuildFile; fileRef = 183DD730269C20DD009BEBEC /* FoodSwiftUITests.swift */; };
		183DD740269C2682009BEBEC /* NavigationVC.swift in Sources */ = {isa = PBXBuildFile; fileRef = 183DD73F269C2682009BEBEC /* NavigationVC.swift */; };
		18CADFD0269C387C00F798CA /* UIColorExtension.swift in Sources */ = {isa = PBXBuildFile; fileRef = 18CADFCF269C387B00F798CA /* UIColorExtension.swift */; };
		18CAE0FB269D70B500F798CA /* TabBarController.swift in Sources */ = {isa = PBXBuildFile; fileRef = 18CAE0FA269D70B500F798CA /* TabBarController.swift */; };
		18CAE0FD269D727300F798CA /* BasicController.swift in Sources */ = {isa = PBXBuildFile; fileRef = 18CAE0FC269D727300F798CA /* BasicController.swift */; };
		18CAE0FF269D72AA00F798CA /* CommunityVC.swift in Sources */ = {isa = PBXBuildFile; fileRef = 18CAE0FE269D72AA00F798CA /* CommunityVC.swift */; };
		18CAE101269D72C500F798CA /* HomeVC.swift in Sources */ = {isa = PBXBuildFile; fileRef = 18CAE100269D72C500F798CA /* HomeVC.swift */; };
		18CAE103269D72F100F798CA /* BookrackVC.swift in Sources */ = {isa = PBXBuildFile; fileRef = 18CAE102269D72F100F798CA /* BookrackVC.swift */; };
		18CAE105269D72FE00F798CA /* MineVC.swift in Sources */ = {isa = PBXBuildFile; fileRef = 18CAE104269D72FE00F798CA /* MineVC.swift */; };
		18CAE109269D77E900F798CA /* SegmentVC.swift in Sources */ = {isa = PBXBuildFile; fileRef = 18CAE108269D77E800F798CA /* SegmentVC.swift */; };
		18CAE10B269D7C1100F798CA /* Global.swift in Sources */ = {isa = PBXBuildFile; fileRef = 18CAE10A269D7C1100F798CA /* Global.swift */; };
		18CAE112269D820A00F798CA /* DounloadVC.swift in Sources */ = {isa = PBXBuildFile; fileRef = 18CAE111269D820A00F798CA /* DounloadVC.swift */; };
		18CAE114269D822500F798CA /* ReadHistoryVC.swift in Sources */ = {isa = PBXBuildFile; fileRef = 18CAE113269D822500F798CA /* ReadHistoryVC.swift */; };
		18CAE116269D823B00F798CA /* BookListVC.swift in Sources */ = {isa = PBXBuildFile; fileRef = 18CAE115269D823B00F798CA /* BookListVC.swift */; };
		18CAE118269D825400F798CA /* BookCollectionVC.swift in Sources */ = {isa = PBXBuildFile; fileRef = 18CAE117269D825400F798CA /* BookCollectionVC.swift */; };
		30E0640F4BE552C9D590FC0A /* Pods_FoodSwift_FoodSwiftUITests.framework in Frameworks */ = {isa = PBXBuildFile; fileRef = E6ADF4BEFEF156D167A5B7BD /* Pods_FoodSwift_FoodSwiftUITests.framework */; };
		32123752AD434DC337FD2F59 /* Pods_FoodSwift.framework in Frameworks */ = {isa = PBXBuildFile; fileRef = 6F78A917B99FB66C3B546FDC /* Pods_FoodSwift.framework */; };
		61EB8C45A3A2B507E2E94CB2 /* Pods_FoodSwiftTests.framework in Frameworks */ = {isa = PBXBuildFile; fileRef = 65717587FF796B26E3C3C80B /* Pods_FoodSwiftTests.framework */; };
/* End PBXBuildFile section */

/* Begin PBXContainerItemProxy section */
		183DD722269C20DD009BEBEC /* PBXContainerItemProxy */ = {
			isa = PBXContainerItemProxy;
			containerPortal = 183DD703269C20BE009BEBEC /* Project object */;
			proxyType = 1;
			remoteGlobalIDString = 183DD70A269C20BE009BEBEC;
			remoteInfo = FoodSwift;
		};
		183DD72D269C20DD009BEBEC /* PBXContainerItemProxy */ = {
			isa = PBXContainerItemProxy;
			containerPortal = 183DD703269C20BE009BEBEC /* Project object */;
			proxyType = 1;
			remoteGlobalIDString = 183DD70A269C20BE009BEBEC;
			remoteInfo = FoodSwift;
		};
/* End PBXContainerItemProxy section */

/* Begin PBXFileReference section */
		183DD70B269C20BE009BEBEC /* FoodSwift.app */ = {isa = PBXFileReference; explicitFileType = wrapper.application; includeInIndex = 0; path = FoodSwift.app; sourceTree = BUILT_PRODUCTS_DIR; };
		183DD70E269C20BE009BEBEC /* AppDelegate.swift */ = {isa = PBXFileReference; lastKnownFileType = sourcecode.swift; path = AppDelegate.swift; sourceTree = "<group>"; };
		183DD712269C20BF009BEBEC /* ViewController.swift */ = {isa = PBXFileReference; lastKnownFileType = sourcecode.swift; path = ViewController.swift; sourceTree = "<group>"; };
		183DD715269C20BF009BEBEC /* Base */ = {isa = PBXFileReference; lastKnownFileType = file.storyboard; name = Base; path = Base.lproj/Main.storyboard; sourceTree = "<group>"; };
		183DD717269C20DD009BEBEC /* Assets.xcassets */ = {isa = PBXFileReference; lastKnownFileType = folder.assetcatalog; path = Assets.xcassets; sourceTree = "<group>"; };
		183DD71A269C20DD009BEBEC /* Base */ = {isa = PBXFileReference; lastKnownFileType = file.storyboard; name = Base; path = Base.lproj/LaunchScreen.storyboard; sourceTree = "<group>"; };
		183DD71C269C20DD009BEBEC /* Info.plist */ = {isa = PBXFileReference; lastKnownFileType = text.plist.xml; path = Info.plist; sourceTree = "<group>"; };
		183DD721269C20DD009BEBEC /* FoodSwiftTests.xctest */ = {isa = PBXFileReference; explicitFileType = wrapper.cfbundle; includeInIndex = 0; path = FoodSwiftTests.xctest; sourceTree = BUILT_PRODUCTS_DIR; };
		183DD725269C20DD009BEBEC /* FoodSwiftTests.swift */ = {isa = PBXFileReference; lastKnownFileType = sourcecode.swift; path = FoodSwiftTests.swift; sourceTree = "<group>"; };
		183DD727269C20DD009BEBEC /* Info.plist */ = {isa = PBXFileReference; lastKnownFileType = text.plist.xml; path = Info.plist; sourceTree = "<group>"; };
		183DD72C269C20DD009BEBEC /* FoodSwiftUITests.xctest */ = {isa = PBXFileReference; explicitFileType = wrapper.cfbundle; includeInIndex = 0; path = FoodSwiftUITests.xctest; sourceTree = BUILT_PRODUCTS_DIR; };
		183DD730269C20DD009BEBEC /* FoodSwiftUITests.swift */ = {isa = PBXFileReference; lastKnownFileType = sourcecode.swift; path = FoodSwiftUITests.swift; sourceTree = "<group>"; };
		183DD732269C20DD009BEBEC /* Info.plist */ = {isa = PBXFileReference; lastKnownFileType = text.plist.xml; path = Info.plist; sourceTree = "<group>"; };
		183DD73F269C2682009BEBEC /* NavigationVC.swift */ = {isa = PBXFileReference; lastKnownFileType = sourcecode.swift; path = NavigationVC.swift; sourceTree = "<group>"; };
		18CADFCF269C387B00F798CA /* UIColorExtension.swift */ = {isa = PBXFileReference; lastKnownFileType = sourcecode.swift; path = UIColorExtension.swift; sourceTree = "<group>"; };
		18CAE0FA269D70B500F798CA /* TabBarController.swift */ = {isa = PBXFileReference; lastKnownFileType = sourcecode.swift; path = TabBarController.swift; sourceTree = "<group>"; };
		18CAE0FC269D727300F798CA /* BasicController.swift */ = {isa = PBXFileReference; lastKnownFileType = sourcecode.swift; path = BasicController.swift; sourceTree = "<group>"; };
		18CAE0FE269D72AA00F798CA /* CommunityVC.swift */ = {isa = PBXFileReference; lastKnownFileType = sourcecode.swift; path = CommunityVC.swift; sourceTree = "<group>"; };
		18CAE100269D72C500F798CA /* HomeVC.swift */ = {isa = PBXFileReference; lastKnownFileType = sourcecode.swift; path = HomeVC.swift; sourceTree = "<group>"; };
		18CAE102269D72F100F798CA /* BookrackVC.swift */ = {isa = PBXFileReference; lastKnownFileType = sourcecode.swift; path = BookrackVC.swift; sourceTree = "<group>"; };
		18CAE104269D72FE00F798CA /* MineVC.swift */ = {isa = PBXFileReference; lastKnownFileType = sourcecode.swift; path = MineVC.swift; sourceTree = "<group>"; };
		18CAE108269D77E800F798CA /* SegmentVC.swift */ = {isa = PBXFileReference; lastKnownFileType = sourcecode.swift; path = SegmentVC.swift; sourceTree = "<group>"; };
		18CAE10A269D7C1100F798CA /* Global.swift */ = {isa = PBXFileReference; lastKnownFileType = sourcecode.swift; path = Global.swift; sourceTree = "<group>"; };
		18CAE111269D820A00F798CA /* DounloadVC.swift */ = {isa = PBXFileReference; lastKnownFileType = sourcecode.swift; path = DounloadVC.swift; sourceTree = "<group>"; };
		18CAE113269D822500F798CA /* ReadHistoryVC.swift */ = {isa = PBXFileReference; lastKnownFileType = sourcecode.swift; path = ReadHistoryVC.swift; sourceTree = "<group>"; };
		18CAE115269D823B00F798CA /* BookListVC.swift */ = {isa = PBXFileReference; lastKnownFileType = sourcecode.swift; path = BookListVC.swift; sourceTree = "<group>"; };
		18CAE117269D825400F798CA /* BookCollectionVC.swift */ = {isa = PBXFileReference; lastKnownFileType = sourcecode.swift; path = BookCollectionVC.swift; sourceTree = "<group>"; };
		18CB6B66C2E21D7AD75F68DF /* Pods-FoodSwiftTests.release.xcconfig */ = {isa = PBXFileReference; includeInIndex = 1; lastKnownFileType = text.xcconfig; name = "Pods-FoodSwiftTests.release.xcconfig"; path = "Target Support Files/Pods-FoodSwiftTests/Pods-FoodSwiftTests.release.xcconfig"; sourceTree = "<group>"; };
		3C8E32360E905EDF35B046FE /* Pods-FoodSwift.release.xcconfig */ = {isa = PBXFileReference; includeInIndex = 1; lastKnownFileType = text.xcconfig; name = "Pods-FoodSwift.release.xcconfig"; path = "Target Support Files/Pods-FoodSwift/Pods-FoodSwift.release.xcconfig"; sourceTree = "<group>"; };
		57DEAAD99241723182290961 /* Pods-FoodSwift-FoodSwiftUITests.release.xcconfig */ = {isa = PBXFileReference; includeInIndex = 1; lastKnownFileType = text.xcconfig; name = "Pods-FoodSwift-FoodSwiftUITests.release.xcconfig"; path = "Target Support Files/Pods-FoodSwift-FoodSwiftUITests/Pods-FoodSwift-FoodSwiftUITests.release.xcconfig"; sourceTree = "<group>"; };
		65717587FF796B26E3C3C80B /* Pods_FoodSwiftTests.framework */ = {isa = PBXFileReference; explicitFileType = wrapper.framework; includeInIndex = 0; path = Pods_FoodSwiftTests.framework; sourceTree = BUILT_PRODUCTS_DIR; };
		6DFCE6F25B81DF932AD15AD5 /* Pods-FoodSwift-FoodSwiftUITests.debug.xcconfig */ = {isa = PBXFileReference; includeInIndex = 1; lastKnownFileType = text.xcconfig; name = "Pods-FoodSwift-FoodSwiftUITests.debug.xcconfig"; path = "Target Support Files/Pods-FoodSwift-FoodSwiftUITests/Pods-FoodSwift-FoodSwiftUITests.debug.xcconfig"; sourceTree = "<group>"; };
		6F78A917B99FB66C3B546FDC /* Pods_FoodSwift.framework */ = {isa = PBXFileReference; explicitFileType = wrapper.framework; includeInIndex = 0; path = Pods_FoodSwift.framework; sourceTree = BUILT_PRODUCTS_DIR; };
		9F95201BEC9B84E806EEB95E /* Pods-FoodSwiftTests.debug.xcconfig */ = {isa = PBXFileReference; includeInIndex = 1; lastKnownFileType = text.xcconfig; name = "Pods-FoodSwiftTests.debug.xcconfig"; path = "Target Support Files/Pods-FoodSwiftTests/Pods-FoodSwiftTests.debug.xcconfig"; sourceTree = "<group>"; };
		E6ADF4BEFEF156D167A5B7BD /* Pods_FoodSwift_FoodSwiftUITests.framework */ = {isa = PBXFileReference; explicitFileType = wrapper.framework; includeInIndex = 0; path = Pods_FoodSwift_FoodSwiftUITests.framework; sourceTree = BUILT_PRODUCTS_DIR; };
		F40787D37F447FA84AF80FD2 /* Pods-FoodSwift.debug.xcconfig */ = {isa = PBXFileReference; includeInIndex = 1; lastKnownFileType = text.xcconfig; name = "Pods-FoodSwift.debug.xcconfig"; path = "Target Support Files/Pods-FoodSwift/Pods-FoodSwift.debug.xcconfig"; sourceTree = "<group>"; };
/* End PBXFileReference section */

/* Begin PBXFrameworksBuildPhase section */
		183DD708269C20BE009BEBEC /* Frameworks */ = {
			isa = PBXFrameworksBuildPhase;
			buildActionMask = 2147483647;
			files = (
				32123752AD434DC337FD2F59 /* Pods_FoodSwift.framework in Frameworks */,
			);
			runOnlyForDeploymentPostprocessing = 0;
		};
		183DD71E269C20DD009BEBEC /* Frameworks */ = {
			isa = PBXFrameworksBuildPhase;
			buildActionMask = 2147483647;
			files = (
				61EB8C45A3A2B507E2E94CB2 /* Pods_FoodSwiftTests.framework in Frameworks */,
			);
			runOnlyForDeploymentPostprocessing = 0;
		};
		183DD729269C20DD009BEBEC /* Frameworks */ = {
			isa = PBXFrameworksBuildPhase;
			buildActionMask = 2147483647;
			files = (
				30E0640F4BE552C9D590FC0A /* Pods_FoodSwift_FoodSwiftUITests.framework in Frameworks */,
			);
			runOnlyForDeploymentPostprocessing = 0;
		};
/* End PBXFrameworksBuildPhase section */

/* Begin PBXGroup section */
		183DD702269C20BE009BEBEC = {
			isa = PBXGroup;
			children = (
				183DD70D269C20BE009BEBEC /* FoodSwift */,
				183DD724269C20DD009BEBEC /* FoodSwiftTests */,
				183DD72F269C20DD009BEBEC /* FoodSwiftUITests */,
				183DD70C269C20BE009BEBEC /* Products */,
				ADEF7EC1583CA78A17CAADEB /* Pods */,
				D6CDA86963FCCF4B58F85050 /* Frameworks */,
			);
			sourceTree = "<group>";
		};
		183DD70C269C20BE009BEBEC /* Products */ = {
			isa = PBXGroup;
			children = (
				183DD70B269C20BE009BEBEC /* FoodSwift.app */,
				183DD721269C20DD009BEBEC /* FoodSwiftTests.xctest */,
				183DD72C269C20DD009BEBEC /* FoodSwiftUITests.xctest */,
			);
			name = Products;
			sourceTree = "<group>";
		};
		183DD70D269C20BE009BEBEC /* FoodSwift */ = {
			isa = PBXGroup;
			children = (
				183DD73E269C260D009BEBEC /* Basic */,
				18CAE106269D730A00F798CA /* Main */,
				18CAE107269D732500F798CA /* Common */,
				18CAE10A269D7C1100F798CA /* Global.swift */,
				183DD714269C20BF009BEBEC /* Main.storyboard */,
				183DD717269C20DD009BEBEC /* Assets.xcassets */,
				183DD719269C20DD009BEBEC /* LaunchScreen.storyboard */,
				183DD71C269C20DD009BEBEC /* Info.plist */,
			);
			path = FoodSwift;
			sourceTree = "<group>";
		};
		183DD724269C20DD009BEBEC /* FoodSwiftTests */ = {
			isa = PBXGroup;
			children = (
				183DD725269C20DD009BEBEC /* FoodSwiftTests.swift */,
				183DD727269C20DD009BEBEC /* Info.plist */,
			);
			path = FoodSwiftTests;
			sourceTree = "<group>";
		};
		183DD72F269C20DD009BEBEC /* FoodSwiftUITests */ = {
			isa = PBXGroup;
			children = (
				183DD730269C20DD009BEBEC /* FoodSwiftUITests.swift */,
				183DD732269C20DD009BEBEC /* Info.plist */,
			);
			path = FoodSwiftUITests;
			sourceTree = "<group>";
		};
		183DD73E269C260D009BEBEC /* Basic */ = {
			isa = PBXGroup;
			children = (
				183DD70E269C20BE009BEBEC /* AppDelegate.swift */,
				183DD712269C20BF009BEBEC /* ViewController.swift */,
				183DD73F269C2682009BEBEC /* NavigationVC.swift */,
				18CAE0FA269D70B500F798CA /* TabBarController.swift */,
				18CAE0FC269D727300F798CA /* BasicController.swift */,
				18CAE108269D77E800F798CA /* SegmentVC.swift */,
			);
			path = Basic;
			sourceTree = "<group>";
		};
		18CAE106269D730A00F798CA /* Main */ = {
			isa = PBXGroup;
			children = (
				18CAE10C269D81A000F798CA /* Home */,
				18CAE10D269D81B000F798CA /* Commun */,
				18CAE10E269D81BC00F798CA /* Book */,
				18CAE10F269D81C500F798CA /* Mine */,
			);
			path = Main;
			sourceTree = "<group>";
		};
		18CAE107269D732500F798CA /* Common */ = {
			isa = PBXGroup;
			children = (
				18CADFCF269C387B00F798CA /* UIColorExtension.swift */,
			);
			path = Common;
			sourceTree = "<group>";
		};
		18CAE10C269D81A000F798CA /* Home */ = {
			isa = PBXGroup;
			children = (
				18CAE100269D72C500F798CA /* HomeVC.swift */,
			);
			path = Home;
			sourceTree = "<group>";
		};
		18CAE10D269D81B000F798CA /* Commun */ = {
			isa = PBXGroup;
			children = (
				18CAE0FE269D72AA00F798CA /* CommunityVC.swift */,
			);
			path = Commun;
			sourceTree = "<group>";
		};
		18CAE10E269D81BC00F798CA /* Book */ = {
			isa = PBXGroup;
			children = (
				18CAE110269D81E200F798CA /* C */,
			);
			path = Book;
			sourceTree = "<group>";
		};
		18CAE10F269D81C500F798CA /* Mine */ = {
			isa = PBXGroup;
			children = (
				18CAE104269D72FE00F798CA /* MineVC.swift */,
			);
			path = Mine;
			sourceTree = "<group>";
		};
		18CAE110269D81E200F798CA /* C */ = {
			isa = PBXGroup;
			children = (
				18CAE102269D72F100F798CA /* BookrackVC.swift */,
				18CAE111269D820A00F798CA /* DounloadVC.swift */,
				18CAE113269D822500F798CA /* ReadHistoryVC.swift */,
				18CAE115269D823B00F798CA /* BookListVC.swift */,
				18CAE117269D825400F798CA /* BookCollectionVC.swift */,
			);
			path = C;
			sourceTree = "<group>";
		};
		ADEF7EC1583CA78A17CAADEB /* Pods */ = {
			isa = PBXGroup;
			children = (
				F40787D37F447FA84AF80FD2 /* Pods-FoodSwift.debug.xcconfig */,
				3C8E32360E905EDF35B046FE /* Pods-FoodSwift.release.xcconfig */,
				6DFCE6F25B81DF932AD15AD5 /* Pods-FoodSwift-FoodSwiftUITests.debug.xcconfig */,
				57DEAAD99241723182290961 /* Pods-FoodSwift-FoodSwiftUITests.release.xcconfig */,
				9F95201BEC9B84E806EEB95E /* Pods-FoodSwiftTests.debug.xcconfig */,
				18CB6B66C2E21D7AD75F68DF /* Pods-FoodSwiftTests.release.xcconfig */,
			);
			path = Pods;
			sourceTree = "<group>";
		};
		D6CDA86963FCCF4B58F85050 /* Frameworks */ = {
			isa = PBXGroup;
			children = (
				6F78A917B99FB66C3B546FDC /* Pods_FoodSwift.framework */,
				E6ADF4BEFEF156D167A5B7BD /* Pods_FoodSwift_FoodSwiftUITests.framework */,
				65717587FF796B26E3C3C80B /* Pods_FoodSwiftTests.framework */,
			);
			name = Frameworks;
			sourceTree = "<group>";
		};
/* End PBXGroup section */

/* Begin PBXNativeTarget section */
		183DD70A269C20BE009BEBEC /* FoodSwift */ = {
			isa = PBXNativeTarget;
			buildConfigurationList = 183DD735269C20DD009BEBEC /* Build configuration list for PBXNativeTarget "FoodSwift" */;
			buildPhases = (
				68B1797C7439B48E6F29FBB9 /* [CP] Check Pods Manifest.lock */,
				183DD707269C20BE009BEBEC /* Sources */,
				183DD708269C20BE009BEBEC /* Frameworks */,
				183DD709269C20BE009BEBEC /* Resources */,
				2187B806208DAC0EB25BC413 /* [CP] Embed Pods Frameworks */,
			);
			buildRules = (
			);
			dependencies = (
			);
			name = FoodSwift;
			productName = FoodSwift;
			productReference = 183DD70B269C20BE009BEBEC /* FoodSwift.app */;
			productType = "com.apple.product-type.application";
		};
		183DD720269C20DD009BEBEC /* FoodSwiftTests */ = {
			isa = PBXNativeTarget;
			buildConfigurationList = 183DD738269C20DD009BEBEC /* Build configuration list for PBXNativeTarget "FoodSwiftTests" */;
			buildPhases = (
				0D58232DA10ABB015911FD3D /* [CP] Check Pods Manifest.lock */,
				183DD71D269C20DD009BEBEC /* Sources */,
				183DD71E269C20DD009BEBEC /* Frameworks */,
				183DD71F269C20DD009BEBEC /* Resources */,
			);
			buildRules = (
			);
			dependencies = (
				183DD723269C20DD009BEBEC /* PBXTargetDependency */,
			);
			name = FoodSwiftTests;
			productName = FoodSwiftTests;
			productReference = 183DD721269C20DD009BEBEC /* FoodSwiftTests.xctest */;
			productType = "com.apple.product-type.bundle.unit-test";
		};
		183DD72B269C20DD009BEBEC /* FoodSwiftUITests */ = {
			isa = PBXNativeTarget;
			buildConfigurationList = 183DD73B269C20DD009BEBEC /* Build configuration list for PBXNativeTarget "FoodSwiftUITests" */;
			buildPhases = (
				EB37AABC9F7E798A7B86B42C /* [CP] Check Pods Manifest.lock */,
				183DD728269C20DD009BEBEC /* Sources */,
				183DD729269C20DD009BEBEC /* Frameworks */,
				183DD72A269C20DD009BEBEC /* Resources */,
				55C0B62665BA09736D71E935 /* [CP] Embed Pods Frameworks */,
			);
			buildRules = (
			);
			dependencies = (
				183DD72E269C20DD009BEBEC /* PBXTargetDependency */,
			);
			name = FoodSwiftUITests;
			productName = FoodSwiftUITests;
			productReference = 183DD72C269C20DD009BEBEC /* FoodSwiftUITests.xctest */;
			productType = "com.apple.product-type.bundle.ui-testing";
		};
/* End PBXNativeTarget section */

/* Begin PBXProject section */
		183DD703269C20BE009BEBEC /* Project object */ = {
			isa = PBXProject;
			attributes = {
				LastSwiftUpdateCheck = 1250;
				LastUpgradeCheck = 1250;
				TargetAttributes = {
					183DD70A269C20BE009BEBEC = {
						CreatedOnToolsVersion = 12.5.1;
					};
					183DD720269C20DD009BEBEC = {
						CreatedOnToolsVersion = 12.5.1;
						TestTargetID = 183DD70A269C20BE009BEBEC;
					};
					183DD72B269C20DD009BEBEC = {
						CreatedOnToolsVersion = 12.5.1;
						TestTargetID = 183DD70A269C20BE009BEBEC;
					};
				};
			};
			buildConfigurationList = 183DD706269C20BE009BEBEC /* Build configuration list for PBXProject "FoodSwift" */;
			compatibilityVersion = "Xcode 9.3";
			developmentRegion = en;
			hasScannedForEncodings = 0;
			knownRegions = (
				en,
				Base,
			);
			mainGroup = 183DD702269C20BE009BEBEC;
			productRefGroup = 183DD70C269C20BE009BEBEC /* Products */;
			projectDirPath = "";
			projectRoot = "";
			targets = (
				183DD70A269C20BE009BEBEC /* FoodSwift */,
				183DD720269C20DD009BEBEC /* FoodSwiftTests */,
				183DD72B269C20DD009BEBEC /* FoodSwiftUITests */,
			);
		};
/* End PBXProject section */

/* Begin PBXResourcesBuildPhase section */
		183DD709269C20BE009BEBEC /* Resources */ = {
			isa = PBXResourcesBuildPhase;
			buildActionMask = 2147483647;
			files = (
				183DD71B269C20DD009BEBEC /* LaunchScreen.storyboard in Resources */,
				183DD718269C20DD009BEBEC /* Assets.xcassets in Resources */,
				183DD716269C20BF009BEBEC /* Main.storyboard in Resources */,
			);
			runOnlyForDeploymentPostprocessing = 0;
		};
		183DD71F269C20DD009BEBEC /* Resources */ = {
			isa = PBXResourcesBuildPhase;
			buildActionMask = 2147483647;
			files = (
			);
			runOnlyForDeploymentPostprocessing = 0;
		};
		183DD72A269C20DD009BEBEC /* Resources */ = {
			isa = PBXResourcesBuildPhase;
			buildActionMask = 2147483647;
			files = (
			);
			runOnlyForDeploymentPostprocessing = 0;
		};
/* End PBXResourcesBuildPhase section */

/* Begin PBXShellScriptBuildPhase section */
		0D58232DA10ABB015911FD3D /* [CP] Check Pods Manifest.lock */ = {
			isa = PBXShellScriptBuildPhase;
			buildActionMask = 2147483647;
			files = (
			);
			inputFileListPaths = (
			);
			inputPaths = (
				"${PODS_PODFILE_DIR_PATH}/Podfile.lock",
				"${PODS_ROOT}/Manifest.lock",
			);
			name = "[CP] Check Pods Manifest.lock";
			outputFileListPaths = (
			);
			outputPaths = (
				"$(DERIVED_FILE_DIR)/Pods-FoodSwiftTests-checkManifestLockResult.txt",
			);
			runOnlyForDeploymentPostprocessing = 0;
			shellPath = /bin/sh;
			shellScript = "diff \"${PODS_PODFILE_DIR_PATH}/Podfile.lock\" \"${PODS_ROOT}/Manifest.lock\" > /dev/null\nif [ $? != 0 ] ; then\n    # print error to STDERR\n    echo \"error: The sandbox is not in sync with the Podfile.lock. Run 'pod install' or update your CocoaPods installation.\" >&2\n    exit 1\nfi\n# This output is used by Xcode 'outputs' to avoid re-running this script phase.\necho \"SUCCESS\" > \"${SCRIPT_OUTPUT_FILE_0}\"\n";
			showEnvVarsInLog = 0;
		};
		2187B806208DAC0EB25BC413 /* [CP] Embed Pods Frameworks */ = {
			isa = PBXShellScriptBuildPhase;
			buildActionMask = 2147483647;
			files = (
			);
			inputFileListPaths = (
				"${PODS_ROOT}/Target Support Files/Pods-FoodSwift/Pods-FoodSwift-frameworks-${CONFIGURATION}-input-files.xcfilelist",
			);
			name = "[CP] Embed Pods Frameworks";
			outputFileListPaths = (
				"${PODS_ROOT}/Target Support Files/Pods-FoodSwift/Pods-FoodSwift-frameworks-${CONFIGURATION}-output-files.xcfilelist",
			);
			runOnlyForDeploymentPostprocessing = 0;
			shellPath = /bin/sh;
			shellScript = "\"${PODS_ROOT}/Target Support Files/Pods-FoodSwift/Pods-FoodSwift-frameworks.sh\"\n";
			showEnvVarsInLog = 0;
		};
		55C0B62665BA09736D71E935 /* [CP] Embed Pods Frameworks */ = {
			isa = PBXShellScriptBuildPhase;
			buildActionMask = 2147483647;
			files = (
			);
			inputFileListPaths = (
				"${PODS_ROOT}/Target Support Files/Pods-FoodSwift-FoodSwiftUITests/Pods-FoodSwift-FoodSwiftUITests-frameworks-${CONFIGURATION}-input-files.xcfilelist",
			);
			name = "[CP] Embed Pods Frameworks";
			outputFileListPaths = (
				"${PODS_ROOT}/Target Support Files/Pods-FoodSwift-FoodSwiftUITests/Pods-FoodSwift-FoodSwiftUITests-frameworks-${CONFIGURATION}-output-files.xcfilelist",
			);
			runOnlyForDeploymentPostprocessing = 0;
			shellPath = /bin/sh;
			shellScript = "\"${PODS_ROOT}/Target Support Files/Pods-FoodSwift-FoodSwiftUITests/Pods-FoodSwift-FoodSwiftUITests-frameworks.sh\"\n";
			showEnvVarsInLog = 0;
		};
		68B1797C7439B48E6F29FBB9 /* [CP] Check Pods Manifest.lock */ = {
			isa = PBXShellScriptBuildPhase;
			buildActionMask = 2147483647;
			files = (
			);
			inputFileListPaths = (
			);
			inputPaths = (
				"${PODS_PODFILE_DIR_PATH}/Podfile.lock",
				"${PODS_ROOT}/Manifest.lock",
			);
			name = "[CP] Check Pods Manifest.lock";
			outputFileListPaths = (
			);
			outputPaths = (
				"$(DERIVED_FILE_DIR)/Pods-FoodSwift-checkManifestLockResult.txt",
			);
			runOnlyForDeploymentPostprocessing = 0;
			shellPath = /bin/sh;
			shellScript = "diff \"${PODS_PODFILE_DIR_PATH}/Podfile.lock\" \"${PODS_ROOT}/Manifest.lock\" > /dev/null\nif [ $? != 0 ] ; then\n    # print error to STDERR\n    echo \"error: The sandbox is not in sync with the Podfile.lock. Run 'pod install' or update your CocoaPods installation.\" >&2\n    exit 1\nfi\n# This output is used by Xcode 'outputs' to avoid re-running this script phase.\necho \"SUCCESS\" > \"${SCRIPT_OUTPUT_FILE_0}\"\n";
			showEnvVarsInLog = 0;
		};
		EB37AABC9F7E798A7B86B42C /* [CP] Check Pods Manifest.lock */ = {
			isa = PBXShellScriptBuildPhase;
			buildActionMask = 2147483647;
			files = (
			);
			inputFileListPaths = (
			);
			inputPaths = (
				"${PODS_PODFILE_DIR_PATH}/Podfile.lock",
				"${PODS_ROOT}/Manifest.lock",
			);
			name = "[CP] Check Pods Manifest.lock";
			outputFileListPaths = (
			);
			outputPaths = (
				"$(DERIVED_FILE_DIR)/Pods-FoodSwift-FoodSwiftUITests-checkManifestLockResult.txt",
			);
			runOnlyForDeploymentPostprocessing = 0;
			shellPath = /bin/sh;
			shellScript = "diff \"${PODS_PODFILE_DIR_PATH}/Podfile.lock\" \"${PODS_ROOT}/Manifest.lock\" > /dev/null\nif [ $? != 0 ] ; then\n    # print error to STDERR\n    echo \"error: The sandbox is not in sync with the Podfile.lock. Run 'pod install' or update your CocoaPods installation.\" >&2\n    exit 1\nfi\n# This output is used by Xcode 'outputs' to avoid re-running this script phase.\necho \"SUCCESS\" > \"${SCRIPT_OUTPUT_FILE_0}\"\n";
			showEnvVarsInLog = 0;
		};
/* End PBXShellScriptBuildPhase section */

/* Begin PBXSourcesBuildPhase section */
		183DD707269C20BE009BEBEC /* Sources */ = {
			isa = PBXSourcesBuildPhase;
			buildActionMask = 2147483647;
			files = (
				18CAE105269D72FE00F798CA /* MineVC.swift in Sources */,
				18CAE103269D72F100F798CA /* BookrackVC.swift in Sources */,
				18CAE118269D825400F798CA /* BookCollectionVC.swift in Sources */,
				183DD713269C20BF009BEBEC /* ViewController.swift in Sources */,
				183DD70F269C20BE009BEBEC /* AppDelegate.swift in Sources */,
				18CAE0FF269D72AA00F798CA /* CommunityVC.swift in Sources */,
				18CAE114269D822500F798CA /* ReadHistoryVC.swift in Sources */,
				18CAE10B269D7C1100F798CA /* Global.swift in Sources */,
				18CAE101269D72C500F798CA /* HomeVC.swift in Sources */,
				183DD740269C2682009BEBEC /* NavigationVC.swift in Sources */,
				18CAE112269D820A00F798CA /* DounloadVC.swift in Sources */,
				18CAE0FB269D70B500F798CA /* TabBarController.swift in Sources */,
				18CAE116269D823B00F798CA /* BookListVC.swift in Sources */,
				18CADFD0269C387C00F798CA /* UIColorExtension.swift in Sources */,
				18CAE109269D77E900F798CA /* SegmentVC.swift in Sources */,
				18CAE0FD269D727300F798CA /* BasicController.swift in Sources */,
			);
			runOnlyForDeploymentPostprocessing = 0;
		};
		183DD71D269C20DD009BEBEC /* Sources */ = {
			isa = PBXSourcesBuildPhase;
			buildActionMask = 2147483647;
			files = (
				183DD726269C20DD009BEBEC /* FoodSwiftTests.swift in Sources */,
			);
			runOnlyForDeploymentPostprocessing = 0;
		};
		183DD728269C20DD009BEBEC /* Sources */ = {
			isa = PBXSourcesBuildPhase;
			buildActionMask = 2147483647;
			files = (
				183DD731269C20DD009BEBEC /* FoodSwiftUITests.swift in Sources */,
			);
			runOnlyForDeploymentPostprocessing = 0;
		};
/* End PBXSourcesBuildPhase section */

/* Begin PBXTargetDependency section */
		183DD723269C20DD009BEBEC /* PBXTargetDependency */ = {
			isa = PBXTargetDependency;
			target = 183DD70A269C20BE009BEBEC /* FoodSwift */;
			targetProxy = 183DD722269C20DD009BEBEC /* PBXContainerItemProxy */;
		};
		183DD72E269C20DD009BEBEC /* PBXTargetDependency */ = {
			isa = PBXTargetDependency;
			target = 183DD70A269C20BE009BEBEC /* FoodSwift */;
			targetProxy = 183DD72D269C20DD009BEBEC /* PBXContainerItemProxy */;
		};
/* End PBXTargetDependency section */

/* Begin PBXVariantGroup section */
		183DD714269C20BF009BEBEC /* Main.storyboard */ = {
			isa = PBXVariantGroup;
			children = (
				183DD715269C20BF009BEBEC /* Base */,
			);
			name = Main.storyboard;
			sourceTree = "<group>";
		};
		183DD719269C20DD009BEBEC /* LaunchScreen.storyboard */ = {
			isa = PBXVariantGroup;
			children = (
				183DD71A269C20DD009BEBEC /* Base */,
			);
			name = LaunchScreen.storyboard;
			sourceTree = "<group>";
		};
/* End PBXVariantGroup section */

/* Begin XCBuildConfiguration section */
		183DD733269C20DD009BEBEC /* Debug */ = {
			isa = XCBuildConfiguration;
			buildSettings = {
				ALWAYS_SEARCH_USER_PATHS = NO;
				CLANG_ANALYZER_NONNULL = YES;
				CLANG_ANALYZER_NUMBER_OBJECT_CONVERSION = YES_AGGRESSIVE;
				CLANG_CXX_LANGUAGE_STANDARD = "gnu++14";
				CLANG_CXX_LIBRARY = "libc++";
				CLANG_ENABLE_MODULES = YES;
				CLANG_ENABLE_OBJC_ARC = YES;
				CLANG_ENABLE_OBJC_WEAK = YES;
				CLANG_WARN_BLOCK_CAPTURE_AUTORELEASING = YES;
				CLANG_WARN_BOOL_CONVERSION = YES;
				CLANG_WARN_COMMA = YES;
				CLANG_WARN_CONSTANT_CONVERSION = YES;
				CLANG_WARN_DEPRECATED_OBJC_IMPLEMENTATIONS = YES;
				CLANG_WARN_DIRECT_OBJC_ISA_USAGE = YES_ERROR;
				CLANG_WARN_DOCUMENTATION_COMMENTS = YES;
				CLANG_WARN_EMPTY_BODY = YES;
				CLANG_WARN_ENUM_CONVERSION = YES;
				CLANG_WARN_INFINITE_RECURSION = YES;
				CLANG_WARN_INT_CONVERSION = YES;
				CLANG_WARN_NON_LITERAL_NULL_CONVERSION = YES;
				CLANG_WARN_OBJC_IMPLICIT_RETAIN_SELF = YES;
				CLANG_WARN_OBJC_LITERAL_CONVERSION = YES;
				CLANG_WARN_OBJC_ROOT_CLASS = YES_ERROR;
				CLANG_WARN_QUOTED_INCLUDE_IN_FRAMEWORK_HEADER = YES;
				CLANG_WARN_RANGE_LOOP_ANALYSIS = YES;
				CLANG_WARN_STRICT_PROTOTYPES = YES;
				CLANG_WARN_SUSPICIOUS_MOVE = YES;
				CLANG_WARN_UNGUARDED_AVAILABILITY = YES_AGGRESSIVE;
				CLANG_WARN_UNREACHABLE_CODE = YES;
				CLANG_WARN__DUPLICATE_METHOD_MATCH = YES;
				COPY_PHASE_STRIP = NO;
				DEBUG_INFORMATION_FORMAT = dwarf;
				ENABLE_STRICT_OBJC_MSGSEND = YES;
				ENABLE_TESTABILITY = YES;
				GCC_C_LANGUAGE_STANDARD = gnu11;
				GCC_DYNAMIC_NO_PIC = NO;
				GCC_NO_COMMON_BLOCKS = YES;
				GCC_OPTIMIZATION_LEVEL = 0;
				GCC_PREPROCESSOR_DEFINITIONS = (
					"DEBUG=1",
					"$(inherited)",
				);
				GCC_WARN_64_TO_32_BIT_CONVERSION = YES;
				GCC_WARN_ABOUT_RETURN_TYPE = YES_ERROR;
				GCC_WARN_UNDECLARED_SELECTOR = YES;
				GCC_WARN_UNINITIALIZED_AUTOS = YES_AGGRESSIVE;
				GCC_WARN_UNUSED_FUNCTION = YES;
				GCC_WARN_UNUSED_VARIABLE = YES;
				IPHONEOS_DEPLOYMENT_TARGET = 14.5;
				MTL_ENABLE_DEBUG_INFO = INCLUDE_SOURCE;
				MTL_FAST_MATH = YES;
				ONLY_ACTIVE_ARCH = YES;
				SDKROOT = iphoneos;
				SWIFT_ACTIVE_COMPILATION_CONDITIONS = DEBUG;
				SWIFT_OPTIMIZATION_LEVEL = "-Onone";
			};
			name = Debug;
		};
		183DD734269C20DD009BEBEC /* Release */ = {
			isa = XCBuildConfiguration;
			buildSettings = {
				ALWAYS_SEARCH_USER_PATHS = NO;
				CLANG_ANALYZER_NONNULL = YES;
				CLANG_ANALYZER_NUMBER_OBJECT_CONVERSION = YES_AGGRESSIVE;
				CLANG_CXX_LANGUAGE_STANDARD = "gnu++14";
				CLANG_CXX_LIBRARY = "libc++";
				CLANG_ENABLE_MODULES = YES;
				CLANG_ENABLE_OBJC_ARC = YES;
				CLANG_ENABLE_OBJC_WEAK = YES;
				CLANG_WARN_BLOCK_CAPTURE_AUTORELEASING = YES;
				CLANG_WARN_BOOL_CONVERSION = YES;
				CLANG_WARN_COMMA = YES;
				CLANG_WARN_CONSTANT_CONVERSION = YES;
				CLANG_WARN_DEPRECATED_OBJC_IMPLEMENTATIONS = YES;
				CLANG_WARN_DIRECT_OBJC_ISA_USAGE = YES_ERROR;
				CLANG_WARN_DOCUMENTATION_COMMENTS = YES;
				CLANG_WARN_EMPTY_BODY = YES;
				CLANG_WARN_ENUM_CONVERSION = YES;
				CLANG_WARN_INFINITE_RECURSION = YES;
				CLANG_WARN_INT_CONVERSION = YES;
				CLANG_WARN_NON_LITERAL_NULL_CONVERSION = YES;
				CLANG_WARN_OBJC_IMPLICIT_RETAIN_SELF = YES;
				CLANG_WARN_OBJC_LITERAL_CONVERSION = YES;
				CLANG_WARN_OBJC_ROOT_CLASS = YES_ERROR;
				CLANG_WARN_QUOTED_INCLUDE_IN_FRAMEWORK_HEADER = YES;
				CLANG_WARN_RANGE_LOOP_ANALYSIS = YES;
				CLANG_WARN_STRICT_PROTOTYPES = YES;
				CLANG_WARN_SUSPICIOUS_MOVE = YES;
				CLANG_WARN_UNGUARDED_AVAILABILITY = YES_AGGRESSIVE;
				CLANG_WARN_UNREACHABLE_CODE = YES;
				CLANG_WARN__DUPLICATE_METHOD_MATCH = YES;
				COPY_PHASE_STRIP = NO;
				DEBUG_INFORMATION_FORMAT = "dwarf-with-dsym";
				ENABLE_NS_ASSERTIONS = NO;
				ENABLE_STRICT_OBJC_MSGSEND = YES;
				GCC_C_LANGUAGE_STANDARD = gnu11;
				GCC_NO_COMMON_BLOCKS = YES;
				GCC_WARN_64_TO_32_BIT_CONVERSION = YES;
				GCC_WARN_ABOUT_RETURN_TYPE = YES_ERROR;
				GCC_WARN_UNDECLARED_SELECTOR = YES;
				GCC_WARN_UNINITIALIZED_AUTOS = YES_AGGRESSIVE;
				GCC_WARN_UNUSED_FUNCTION = YES;
				GCC_WARN_UNUSED_VARIABLE = YES;
				IPHONEOS_DEPLOYMENT_TARGET = 14.5;
				MTL_ENABLE_DEBUG_INFO = NO;
				MTL_FAST_MATH = YES;
				SDKROOT = iphoneos;
				SWIFT_COMPILATION_MODE = wholemodule;
				SWIFT_OPTIMIZATION_LEVEL = "-O";
				VALIDATE_PRODUCT = YES;
			};
			name = Release;
		};
		183DD736269C20DD009BEBEC /* Debug */ = {
			isa = XCBuildConfiguration;
			baseConfigurationReference = F40787D37F447FA84AF80FD2 /* Pods-FoodSwift.debug.xcconfig */;
			buildSettings = {
				ASSETCATALOG_COMPILER_APPICON_NAME = AppIcon;
				ASSETCATALOG_COMPILER_GLOBAL_ACCENT_COLOR_NAME = AccentColor;
				CODE_SIGN_STYLE = Automatic;
				DEVELOPMENT_TEAM = MPRH7J87J7;
				INFOPLIST_FILE = FoodSwift/Info.plist;
				LD_RUNPATH_SEARCH_PATHS = (
					"$(inherited)",
					"@executable_path/Frameworks",
				);
				PRODUCT_BUNDLE_IDENTIFIER = com.lichunfei.FoodSwift;
				PRODUCT_NAME = "$(TARGET_NAME)";
				SWIFT_VERSION = 5.0;
				TARGETED_DEVICE_FAMILY = "1,2";
			};
			name = Debug;
		};
		183DD737269C20DD009BEBEC /* Release */ = {
			isa = XCBuildConfiguration;
			baseConfigurationReference = 3C8E32360E905EDF35B046FE /* Pods-FoodSwift.release.xcconfig */;
			buildSettings = {
				ASSETCATALOG_COMPILER_APPICON_NAME = AppIcon;
				ASSETCATALOG_COMPILER_GLOBAL_ACCENT_COLOR_NAME = AccentColor;
				CODE_SIGN_STYLE = Automatic;
				DEVELOPMENT_TEAM = MPRH7J87J7;
				INFOPLIST_FILE = FoodSwift/Info.plist;
				LD_RUNPATH_SEARCH_PATHS = (
					"$(inherited)",
					"@executable_path/Frameworks",
				);
				PRODUCT_BUNDLE_IDENTIFIER = com.lichunfei.FoodSwift;
				PRODUCT_NAME = "$(TARGET_NAME)";
				SWIFT_VERSION = 5.0;
				TARGETED_DEVICE_FAMILY = "1,2";
			};
			name = Release;
		};
		183DD739269C20DD009BEBEC /* Debug */ = {
			isa = XCBuildConfiguration;
			baseConfigurationReference = 9F95201BEC9B84E806EEB95E /* Pods-FoodSwiftTests.debug.xcconfig */;
			buildSettings = {
				ALWAYS_EMBED_SWIFT_STANDARD_LIBRARIES = YES;
				BUNDLE_LOADER = "$(TEST_HOST)";
				CODE_SIGN_STYLE = Automatic;
				DEVELOPMENT_TEAM = MPRH7J87J7;
				INFOPLIST_FILE = FoodSwiftTests/Info.plist;
				IPHONEOS_DEPLOYMENT_TARGET = 14.5;
				LD_RUNPATH_SEARCH_PATHS = (
					"$(inherited)",
					"@executable_path/Frameworks",
					"@loader_path/Frameworks",
				);
				PRODUCT_BUNDLE_IDENTIFIER = com.lichunfei.FoodSwiftTests;
				PRODUCT_NAME = "$(TARGET_NAME)";
				SWIFT_VERSION = 5.0;
				TARGETED_DEVICE_FAMILY = "1,2";
				TEST_HOST = "$(BUILT_PRODUCTS_DIR)/FoodSwift.app/FoodSwift";
			};
			name = Debug;
		};
		183DD73A269C20DD009BEBEC /* Release */ = {
			isa = XCBuildConfiguration;
			baseConfigurationReference = 18CB6B66C2E21D7AD75F68DF /* Pods-FoodSwiftTests.release.xcconfig */;
			buildSettings = {
				ALWAYS_EMBED_SWIFT_STANDARD_LIBRARIES = YES;
				BUNDLE_LOADER = "$(TEST_HOST)";
				CODE_SIGN_STYLE = Automatic;
				DEVELOPMENT_TEAM = MPRH7J87J7;
				INFOPLIST_FILE = FoodSwiftTests/Info.plist;
				IPHONEOS_DEPLOYMENT_TARGET = 14.5;
				LD_RUNPATH_SEARCH_PATHS = (
					"$(inherited)",
					"@executable_path/Frameworks",
					"@loader_path/Frameworks",
				);
				PRODUCT_BUNDLE_IDENTIFIER = com.lichunfei.FoodSwiftTests;
				PRODUCT_NAME = "$(TARGET_NAME)";
				SWIFT_VERSION = 5.0;
				TARGETED_DEVICE_FAMILY = "1,2";
				TEST_HOST = "$(BUILT_PRODUCTS_DIR)/FoodSwift.app/FoodSwift";
			};
			name = Release;
		};
		183DD73C269C20DD009BEBEC /* Debug */ = {
			isa = XCBuildConfiguration;
			baseConfigurationReference = 6DFCE6F25B81DF932AD15AD5 /* Pods-FoodSwift-FoodSwiftUITests.debug.xcconfig */;
			buildSettings = {
				ALWAYS_EMBED_SWIFT_STANDARD_LIBRARIES = YES;
				CODE_SIGN_STYLE = Automatic;
				DEVELOPMENT_TEAM = MPRH7J87J7;
				INFOPLIST_FILE = FoodSwiftUITests/Info.plist;
				LD_RUNPATH_SEARCH_PATHS = (
					"$(inherited)",
					"@executable_path/Frameworks",
					"@loader_path/Frameworks",
				);
				PRODUCT_BUNDLE_IDENTIFIER = com.lichunfei.FoodSwiftUITests;
				PRODUCT_NAME = "$(TARGET_NAME)";
				SWIFT_VERSION = 5.0;
				TARGETED_DEVICE_FAMILY = "1,2";
				TEST_TARGET_NAME = FoodSwift;
			};
			name = Debug;
		};
		183DD73D269C20DD009BEBEC /* Release */ = {
			isa = XCBuildConfiguration;
			baseConfigurationReference = 57DEAAD99241723182290961 /* Pods-FoodSwift-FoodSwiftUITests.release.xcconfig */;
			buildSettings = {
				ALWAYS_EMBED_SWIFT_STANDARD_LIBRARIES = YES;
				CODE_SIGN_STYLE = Automatic;
				DEVELOPMENT_TEAM = MPRH7J87J7;
				INFOPLIST_FILE = FoodSwiftUITests/Info.plist;
				LD_RUNPATH_SEARCH_PATHS = (
					"$(inherited)",
					"@executable_path/Frameworks",
					"@loader_path/Frameworks",
				);
				PRODUCT_BUNDLE_IDENTIFIER = com.lichunfei.FoodSwiftUITests;
				PRODUCT_NAME = "$(TARGET_NAME)";
				SWIFT_VERSION = 5.0;
				TARGETED_DEVICE_FAMILY = "1,2";
				TEST_TARGET_NAME = FoodSwift;
			};
			name = Release;
		};
/* End XCBuildConfiguration section */

/* Begin XCConfigurationList section */
		183DD706269C20BE009BEBEC /* Build configuration list for PBXProject "FoodSwift" */ = {
			isa = XCConfigurationList;
			buildConfigurations = (
				183DD733269C20DD009BEBEC /* Debug */,
				183DD734269C20DD009BEBEC /* Release */,
			);
			defaultConfigurationIsVisible = 0;
			defaultConfigurationName = Release;
		};
		183DD735269C20DD009BEBEC /* Build configuration list for PBXNativeTarget "FoodSwift" */ = {
			isa = XCConfigurationList;
			buildConfigurations = (
				183DD736269C20DD009BEBEC /* Debug */,
				183DD737269C20DD009BEBEC /* Release */,
			);
			defaultConfigurationIsVisible = 0;
			defaultConfigurationName = Release;
		};
		183DD738269C20DD009BEBEC /* Build configuration list for PBXNativeTarget "FoodSwiftTests" */ = {
			isa = XCConfigurationList;
			buildConfigurations = (
				183DD739269C20DD009BEBEC /* Debug */,
				183DD73A269C20DD009BEBEC /* Release */,
			);
			defaultConfigurationIsVisible = 0;
			defaultConfigurationName = Release;
		};
		183DD73B269C20DD009BEBEC /* Build configuration list for PBXNativeTarget "FoodSwiftUITests" */ = {
			isa = XCConfigurationList;
			buildConfigurations = (
				183DD73C269C20DD009BEBEC /* Debug */,
				183DD73D269C20DD009BEBEC /* Release */,
			);
			defaultConfigurationIsVisible = 0;
			defaultConfigurationName = Release;
		};
/* End XCConfigurationList section */
	};
	rootObject = 183DD703269C20BE009BEBEC /* Project object */;
}
